# THIS IS AN AUTOGENERATED FILE. DO NOT EDIT THIS FILE DIRECTLY.
# yarn lockfile v1


is-json@^2.0.1:
  version "2.0.1"
  resolved "https://registry.yarnpkg.com/is-json/-/is-json-2.0.1.tgz#6be166d144828a131d686891b983df62c39491ff"
  integrity sha1-a+Fm0USCihMdaGiRuYPfYsOUkf8=

posthtml-render@^3.0.0:
  version "3.0.0"
  resolved "https://registry.yarnpkg.com/posthtml-render/-/posthtml-render-3.0.0.tgz#97be44931496f495b4f07b99e903cc70ad6a3205"
  integrity sha512-z+16RoxK3fUPgwaIgH9NGnK1HKY9XIDpydky5eQGgAFVXTCSezalv9U2jQuNV+Z9qV1fDWNzldcw4eK0SSbqKA==
  dependencies:
    is-json "^2.0.1"
